
Microsoft Visual Studio Solution File, Format Version 12.00
# Visual Studio Version 17
VisualStudioVersion = 17.4.33403.182
MinimumVisualStudioVersion = 10.0.40219.1
Project("{FAE04EC0-301F-11D3-BF4B-00C04F79EFBC}") = "EtudiantHTTPClient", "EtudiantHTTPClient\EtudiantHTTPClient.csproj", "{3A1E825A-A0E8-4369-A734-72E8746F1F64}"
EndProject
Global
	GlobalSection(SolutionConfigurationPlatforms) = preSolution
		Debug|Any CPU = Debug|Any CPU
		Release|Any CPU = Release|Any CPU
	EndGlobalSection
	GlobalSection(ProjectConfigurationPlatforms) = postSolution
		{3A1E825A-A0E8-4369-A734-72E8746F1F64}.Debug|Any CPU.ActiveCfg = Debug|Any CPU
		{3A1E825A-A0E8-4369-A734-72E8746F1F64}.Debug|Any CPU.Build.0 = Debug|Any CPU
		{3A1E825A-A0E8-4369-A734-72E8746F1F64}.Release|Any CPU.ActiveCfg = Release|Any CPU
		{3A1E825A-A0E8-4369-A734-72E8746F1F64}.Release|Any CPU.Build.0 = Release|Any CPU
	EndGlobalSection
	GlobalSection(SolutionProperties) = preSolution
		HideSolutionNode = FALSE
	EndGlobalSection
	GlobalSection(ExtensibilityGlobals) = postSolution
		SolutionGuid = {BE645A4D-4167-4452-9E99-F2B0B7633912}
	EndGlobalSection
EndGlobal
